
Microsoft Visual Studio Solution File, Format Version 12.00
# Visual Studio Version 16
VisualStudioVersion = 16.0.33801.447
MinimumVisualStudioVersion = 10.0.40219.1
Project("{FAE04EC0-301F-11D3-BF4B-00C04F79EFBC}") = "PosWebAPIs", "PosWebAPIs\PosWebAPIs.csproj", "{CE1D4CB4-C5E3-4DA9-AF5C-049182757B49}"
EndProject
Global
	GlobalSection(SolutionConfigurationPlatforms) = preSolution
		Debug|Any CPU = Debug|Any CPU
		Release|Any CPU = Release|Any CPU
	EndGlobalSection
	GlobalSection(ProjectConfigurationPlatforms) = postSolution
		{CE1D4CB4-C5E3-4DA9-AF5C-049182757B49}.Debug|Any CPU.ActiveCfg = Debug|Any CPU
		{CE1D4CB4-C5E3-4DA9-AF5C-049182757B49}.Debug|Any CPU.Build.0 = Debug|Any CPU
		{CE1D4CB4-C5E3-4DA9-AF5C-049182757B49}.Release|Any CPU.ActiveCfg = Release|Any CPU
		{CE1D4CB4-C5E3-4DA9-AF5C-049182757B49}.Release|Any CPU.Build.0 = Release|Any CPU
	EndGlobalSection
	GlobalSection(SolutionProperties) = preSolution
		HideSolutionNode = FALSE
	EndGlobalSection
	GlobalSection(ExtensibilityGlobals) = postSolution
		SolutionGuid = {FBC83F2B-3D76-4C27-ABCC-3A1B8A0D2B24}
	EndGlobalSection
EndGlobal
